
Microsoft Visual Studio Solution File, Format Version 12.00
# Visual Studio Version 17
VisualStudioVersion = 17.14.36518.9 d17.14
MinimumVisualStudioVersion = 10.0.40219.1
Project("{FAE04EC0-301F-11D3-BF4B-00C04F79EFBC}") = "Example 3 manipulated", "Example 3 manipulated\Example 3 manipulated.csproj", "{834E4AFD-F81E-46EE-9C97-DCC0EEA3423D}"
EndProject
Global
	GlobalSection(SolutionConfigurationPlatforms) = preSolution
		Debug|Any CPU = Debug|Any CPU
		Release|Any CPU = Release|Any CPU
	EndGlobalSection
	GlobalSection(ProjectConfigurationPlatforms) = postSolution
		{834E4AFD-F81E-46EE-9C97-DCC0EEA3423D}.Debug|Any CPU.ActiveCfg = Debug|Any CPU
		{834E4AFD-F81E-46EE-9C97-DCC0EEA3423D}.Debug|Any CPU.Build.0 = Debug|Any CPU
		{834E4AFD-F81E-46EE-9C97-DCC0EEA3423D}.Release|Any CPU.ActiveCfg = Release|Any CPU
		{834E4AFD-F81E-46EE-9C97-DCC0EEA3423D}.Release|Any CPU.Build.0 = Release|Any CPU
	EndGlobalSection
	GlobalSection(SolutionProperties) = preSolution
		HideSolutionNode = FALSE
	EndGlobalSection
	GlobalSection(ExtensibilityGlobals) = postSolution
		SolutionGuid = {FCE4A747-DC22-4EF6-ABFA-5963B2033CB8}
	EndGlobalSection
EndGlobal
